
Microsoft Visual Studio Solution File, Format Version 12.00
# Visual Studio Version 17
VisualStudioVersion = 17.4.33205.214
MinimumVisualStudioVersion = 10.0.40219.1
Project("{FAE04EC0-301F-11D3-BF4B-00C04F79EFBC}") = "konumü", "konumü\konumü.csproj", "{4ED6891B-7909-473D-B213-40F5519A57D1}"
EndProject
Global
	GlobalSection(SolutionConfigurationPlatforms) = preSolution
		Debug|Any CPU = Debug|Any CPU
		Release|Any CPU = Release|Any CPU
	EndGlobalSection
	GlobalSection(ProjectConfigurationPlatforms) = postSolution
		{4ED6891B-7909-473D-B213-40F5519A57D1}.Debug|Any CPU.ActiveCfg = Debug|Any CPU
		{4ED6891B-7909-473D-B213-40F5519A57D1}.Debug|Any CPU.Build.0 = Debug|Any CPU
		{4ED6891B-7909-473D-B213-40F5519A57D1}.Release|Any CPU.ActiveCfg = Release|Any CPU
		{4ED6891B-7909-473D-B213-40F5519A57D1}.Release|Any CPU.Build.0 = Release|Any CPU
	EndGlobalSection
	GlobalSection(SolutionProperties) = preSolution
		HideSolutionNode = FALSE
	EndGlobalSection
	GlobalSection(ExtensibilityGlobals) = postSolution
		SolutionGuid = {F6181E86-4251-4635-9AB7-81314D94ADFC}
	EndGlobalSection
EndGlobal
